
Microsoft Visual Studio Solution File, Format Version 12.00
# Visual Studio 2012
Project("{8BC9CEB8-8B4A-11D0-8D11-00A0C91BC942}") = "simplificacion", "simplificacion\simplificacion.vcxproj", "{56FD7A90-2BD7-4D5A-93EA-6F5F091B67E4}"
EndProject
Project("{8BC9CEB8-8B4A-11D0-8D11-00A0C91BC942}") = "shading", "shading\shading.vcxproj", "{5DA9C1C5-1489-4F2A-B546-671D6612C79A}"
EndProject
Project("{8BC9CEB8-8B4A-11D0-8D11-00A0C91BC942}") = "marching cube", "marching cube\marching cube.vcxproj", "{BABF30C7-FC9A-424C-B610-BFEC4C800CF3}"
EndProject
Project("{8BC9CEB8-8B4A-11D0-8D11-00A0C91BC942}") = "elatico", "elatico\elatico.vcxproj", "{4913D004-BA35-4E2A-A6FA-68D7EA385FA9}"
EndProject
Project("{8BC9CEB8-8B4A-11D0-8D11-00A0C91BC942}") = "prueba", "prueba\prueba.vcxproj", "{2C1273C0-FB75-44A5-8F74-374EC4767A63}"
EndProject
Project("{8BC9CEB8-8B4A-11D0-8D11-00A0C91BC942}") = "Libreria", "Libreria\Libreria.vcxproj", "{4AD08F4F-F8F1-4B18-AC49-94D0FA81B502}"
EndProject
Project("{8BC9CEB8-8B4A-11D0-8D11-00A0C91BC942}") = "visor-v3", "visor-v3\visor-v3.vcxproj", "{BDE87D45-E1A1-4303-8130-D1C5A886AFD7}"
EndProject
Project("{8BC9CEB8-8B4A-11D0-8D11-00A0C91BC942}") = "Fractales", "Fractales\Fractales.vcxproj", "{AD05BCF2-E393-41D0-9F27-AC6AB6221D56}"
EndProject
Project("{8BC9CEB8-8B4A-11D0-8D11-00A0C91BC942}") = "visor-2", "visor-2\visor-2.vcxproj", "{5A4CF97F-7C8B-4882-8B11-DAD17F1A5D05}"
EndProject
Project("{8BC9CEB8-8B4A-11D0-8D11-00A0C91BC942}") = "Estereoscopia", "Estereoscopia\Estereoscopia.vcxproj", "{222E6B29-0D8A-4936-A614-14DBBE577674}"
EndProject
Global
	GlobalSection(SolutionConfigurationPlatforms) = preSolution
		bin|Win32 = bin|Win32
		Debug|Win32 = Debug|Win32
		Release|Win32 = Release|Win32
	EndGlobalSection
	GlobalSection(ProjectConfigurationPlatforms) = postSolution
		{56FD7A90-2BD7-4D5A-93EA-6F5F091B67E4}.bin|Win32.ActiveCfg = Release|Win32
		{56FD7A90-2BD7-4D5A-93EA-6F5F091B67E4}.bin|Win32.Build.0 = Release|Win32
		{56FD7A90-2BD7-4D5A-93EA-6F5F091B67E4}.Debug|Win32.ActiveCfg = Debug|Win32
		{56FD7A90-2BD7-4D5A-93EA-6F5F091B67E4}.Debug|Win32.Build.0 = Debug|Win32
		{56FD7A90-2BD7-4D5A-93EA-6F5F091B67E4}.Release|Win32.ActiveCfg = Release|Win32
		{56FD7A90-2BD7-4D5A-93EA-6F5F091B67E4}.Release|Win32.Build.0 = Release|Win32
		{5DA9C1C5-1489-4F2A-B546-671D6612C79A}.bin|Win32.ActiveCfg = Release|Win32
		{5DA9C1C5-1489-4F2A-B546-671D6612C79A}.bin|Win32.Build.0 = Release|Win32
		{5DA9C1C5-1489-4F2A-B546-671D6612C79A}.Debug|Win32.ActiveCfg = Debug|Win32
		{5DA9C1C5-1489-4F2A-B546-671D6612C79A}.Debug|Win32.Build.0 = Debug|Win32
		{5DA9C1C5-1489-4F2A-B546-671D6612C79A}.Release|Win32.ActiveCfg = Release|Win32
		{5DA9C1C5-1489-4F2A-B546-671D6612C79A}.Release|Win32.Build.0 = Release|Win32
		{BABF30C7-FC9A-424C-B610-BFEC4C800CF3}.bin|Win32.ActiveCfg = Release|Win32
		{BABF30C7-FC9A-424C-B610-BFEC4C800CF3}.bin|Win32.Build.0 = Release|Win32
		{BABF30C7-FC9A-424C-B610-BFEC4C800CF3}.Debug|Win32.ActiveCfg = Debug|Win32
		{BABF30C7-FC9A-424C-B610-BFEC4C800CF3}.Debug|Win32.Build.0 = Debug|Win32
		{BABF30C7-FC9A-424C-B610-BFEC4C800CF3}.Release|Win32.ActiveCfg = Release|Win32
		{BABF30C7-FC9A-424C-B610-BFEC4C800CF3}.Release|Win32.Build.0 = Release|Win32
		{4913D004-BA35-4E2A-A6FA-68D7EA385FA9}.bin|Win32.ActiveCfg = Release|Win32
		{4913D004-BA35-4E2A-A6FA-68D7EA385FA9}.bin|Win32.Build.0 = Release|Win32
		{4913D004-BA35-4E2A-A6FA-68D7EA385FA9}.Debug|Win32.ActiveCfg = Debug|Win32
		{4913D004-BA35-4E2A-A6FA-68D7EA385FA9}.Debug|Win32.Build.0 = Debug|Win32
		{4913D004-BA35-4E2A-A6FA-68D7EA385FA9}.Release|Win32.ActiveCfg = Release|Win32
		{4913D004-BA35-4E2A-A6FA-68D7EA385FA9}.Release|Win32.Build.0 = Release|Win32
		{2C1273C0-FB75-44A5-8F74-374EC4767A63}.bin|Win32.ActiveCfg = Release|Win32
		{2C1273C0-FB75-44A5-8F74-374EC4767A63}.bin|Win32.Build.0 = Release|Win32
		{2C1273C0-FB75-44A5-8F74-374EC4767A63}.Debug|Win32.ActiveCfg = Debug|Win32
		{2C1273C0-FB75-44A5-8F74-374EC4767A63}.Debug|Win32.Build.0 = Debug|Win32
		{2C1273C0-FB75-44A5-8F74-374EC4767A63}.Release|Win32.ActiveCfg = Release|Win32
		{2C1273C0-FB75-44A5-8F74-374EC4767A63}.Release|Win32.Build.0 = Release|Win32
		{4AD08F4F-F8F1-4B18-AC49-94D0FA81B502}.bin|Win32.ActiveCfg = Release|Win32
		{4AD08F4F-F8F1-4B18-AC49-94D0FA81B502}.bin|Win32.Build.0 = Release|Win32
		{4AD08F4F-F8F1-4B18-AC49-94D0FA81B502}.Debug|Win32.ActiveCfg = Debug|Win32
		{4AD08F4F-F8F1-4B18-AC49-94D0FA81B502}.Debug|Win32.Build.0 = Debug|Win32
		{4AD08F4F-F8F1-4B18-AC49-94D0FA81B502}.Release|Win32.ActiveCfg = Release|Win32
		{4AD08F4F-F8F1-4B18-AC49-94D0FA81B502}.Release|Win32.Build.0 = Release|Win32
		{BDE87D45-E1A1-4303-8130-D1C5A886AFD7}.bin|Win32.ActiveCfg = Release|Win32
		{BDE87D45-E1A1-4303-8130-D1C5A886AFD7}.bin|Win32.Build.0 = Release|Win32
		{BDE87D45-E1A1-4303-8130-D1C5A886AFD7}.Debug|Win32.ActiveCfg = Debug|Win32
		{BDE87D45-E1A1-4303-8130-D1C5A886AFD7}.Debug|Win32.Build.0 = Debug|Win32
		{BDE87D45-E1A1-4303-8130-D1C5A886AFD7}.Release|Win32.ActiveCfg = Release|Win32
		{BDE87D45-E1A1-4303-8130-D1C5A886AFD7}.Release|Win32.Build.0 = Release|Win32
		{AD05BCF2-E393-41D0-9F27-AC6AB6221D56}.bin|Win32.ActiveCfg = Release|Win32
		{AD05BCF2-E393-41D0-9F27-AC6AB6221D56}.bin|Win32.Build.0 = Release|Win32
		{AD05BCF2-E393-41D0-9F27-AC6AB6221D56}.Debug|Win32.ActiveCfg = Debug|Win32
		{AD05BCF2-E393-41D0-9F27-AC6AB6221D56}.Debug|Win32.Build.0 = Debug|Win32
		{AD05BCF2-E393-41D0-9F27-AC6AB6221D56}.Release|Win32.ActiveCfg = Release|Win32
		{AD05BCF2-E393-41D0-9F27-AC6AB6221D56}.Release|Win32.Build.0 = Release|Win32
		{5A4CF97F-7C8B-4882-8B11-DAD17F1A5D05}.bin|Win32.ActiveCfg = Release|Win32
		{5A4CF97F-7C8B-4882-8B11-DAD17F1A5D05}.bin|Win32.Build.0 = Release|Win32
		{5A4CF97F-7C8B-4882-8B11-DAD17F1A5D05}.Debug|Win32.ActiveCfg = Debug|Win32
		{5A4CF97F-7C8B-4882-8B11-DAD17F1A5D05}.Debug|Win32.Build.0 = Debug|Win32
		{5A4CF97F-7C8B-4882-8B11-DAD17F1A5D05}.Release|Win32.ActiveCfg = Release|Win32
		{5A4CF97F-7C8B-4882-8B11-DAD17F1A5D05}.Release|Win32.Build.0 = Release|Win32
		{222E6B29-0D8A-4936-A614-14DBBE577674}.bin|Win32.ActiveCfg = Release|Win32
		{222E6B29-0D8A-4936-A614-14DBBE577674}.bin|Win32.Build.0 = Release|Win32
		{222E6B29-0D8A-4936-A614-14DBBE577674}.Debug|Win32.ActiveCfg = Debug|Win32
		{222E6B29-0D8A-4936-A614-14DBBE577674}.Debug|Win32.Build.0 = Debug|Win32
		{222E6B29-0D8A-4936-A614-14DBBE577674}.Release|Win32.ActiveCfg = Release|Win32
		{222E6B29-0D8A-4936-A614-14DBBE577674}.Release|Win32.Build.0 = Release|Win32
	EndGlobalSection
	GlobalSection(SolutionProperties) = preSolution
		HideSolutionNode = FALSE
	EndGlobalSection
EndGlobal
