<?xml version="1.0" encoding="utf-8"?>
<Project ToolsVersion="4.0" xmlns="http://schemas.microsoft.com/developer/msbuild/2003">
  <ItemGroup>
    <Filter Include="Source Files">
      <UniqueIdentifier>{4FC737F1-C7A5-4376-A066-2A32D752A2FF}</UniqueIdentifier>
      <Extensions>cpp;c;cc;cxx;def;odl;idl;hpj;bat;asm;asmx</Extensions>
    </Filter>
    <Filter Include="Header Files">
      <UniqueIdentifier>{93995380-89BD-4b04-88EB-625FBE52EBFB}</UniqueIdentifier>
      <Extensions>h;hpp;hxx;hm;inl;inc;xsd</Extensions>
    </Filter>
    <Filter Include="Resource Files">
      <UniqueIdentifier>{67DA6AB6-F800-4c08-8B7A-83BB121AAD01}</UniqueIdentifier>
      <Extensions>rc;ico;cur;bmp;dlg;rc2;rct;bin;rgs;gif;jpg;jpeg;jpe;resx;tiff;tif;png;wav;mfcribbon-ms</Extensions>
    </Filter>
    <Filter Include="Librerias">
      <UniqueIdentifier>{f11d2bf2-05fe-4076-ab37-00d7966252e4}</UniqueIdentifier>
    </Filter>
    <Filter Include="Raw Files">
      <UniqueIdentifier>{d1887324-d00e-48ec-8969-b0f99e8420da}</UniqueIdentifier>
    </Filter>
    <Filter Include="Shader files">
      <UniqueIdentifier>{ed89a832-1645-47db-986a-f8e820188d09}</UniqueIdentifier>
      <Extensions>vert;frag</Extensions>
    </Filter>
  </ItemGroup>
  <ItemGroup>
    <Text Include="example.txt" />
  </ItemGroup>
  <ItemGroup>
    <Library Include="..\colectivo\lib\AntTweakBar.lib">
      <Filter>Librerias</Filter>
    </Library>
    <Library Include="..\colectivo\lib\freeglut.lib">
      <Filter>Librerias</Filter>
    </Library>
    <Library Include="..\colectivo\lib\FreeImage.lib">
      <Filter>Librerias</Filter>
    </Library>
    <Library Include="..\colectivo\lib\glew32.lib">
      <Filter>Librerias</Filter>
    </Library>
  </ItemGroup>
  <ItemGroup>
    <None Include="files\cube64x64x64.raw">
      <Filter>Raw Files</Filter>
    </None>
    <None Include="files\iluminacion.frag">
      <Filter>Shader files</Filter>
    </None>
    <None Include="files\iluminacion.vert">
      <Filter>Shader files</Filter>
    </None>
  </ItemGroup>
  <ItemGroup>
    <ClInclude Include="src\casos.h">
      <Filter>Header Files</Filter>
    </ClInclude>
  </ItemGroup>
  <ItemGroup>
    <ClCompile Include="src\marching.cpp">
      <Filter>Source Files</Filter>
    </ClCompile>
  </ItemGroup>
</Project>